// !$*UTF8*$!
{
	archiveVersion = 1;
	classes = {
	};
	objectVersion = 56;
	objects = {

/* Begin PBXBuildFile section */
		66C696392B1F15CA007E3A5A /* AppDelegate.swift in Sources */ = {isa = PBXBuildFile; fileRef = 66C696382B1F15CA007E3A5A /* AppDelegate.swift */; };
		66C6963B2B1F15CA007E3A5A /* SceneDelegate.swift in Sources */ = {isa = PBXBuildFile; fileRef = 66C6963A2B1F15CA007E3A5A /* SceneDelegate.swift */; };
		66C6963D2B1F15CA007E3A5A /* ViewController.swift in Sources */ = {isa = PBXBuildFile; fileRef = 66C6963C2B1F15CA007E3A5A /* ViewController.swift */; };
		66C696402B1F15CA007E3A5A /* Main.storyboard in Resources */ = {isa = PBXBuildFile; fileRef = 66C6963E2B1F15CA007E3A5A /* Main.storyboard */; };
		66C696422B1F15CB007E3A5A /* Assets.xcassets in Resources */ = {isa = PBXBuildFile; fileRef = 66C696412B1F15CB007E3A5A /* Assets.xcassets */; };
		66C696452B1F15CB007E3A5A /* LaunchScreen.storyboard in Resources */ = {isa = PBXBuildFile; fileRef = 66C696432B1F15CB007E3A5A /* LaunchScreen.storyboard */; };
		66C696502B1F15CB007E3A5A /* TodoAppTests.swift in Sources */ = {isa = PBXBuildFile; fileRef = 66C6964F2B1F15CB007E3A5A /* TodoAppTests.swift */; };
		66C6965A2B1F15CB007E3A5A /* TodoAppUITests.swift in Sources */ = {isa = PBXBuildFile; fileRef = 66C696592B1F15CB007E3A5A /* TodoAppUITests.swift */; };
		66C6965C2B1F15CB007E3A5A /* TodoAppUITestsLaunchTests.swift in Sources */ = {isa = PBXBuildFile; fileRef = 66C6965B2B1F15CB007E3A5A /* TodoAppUITestsLaunchTests.swift */; };
		66C696692B1F1BE1007E3A5A /* Todo.swift in Sources */ = {isa = PBXBuildFile; fileRef = 66C696682B1F1BE1007E3A5A /* Todo.swift */; };
		66C6966B2B1F1CA0007E3A5A /* TodoItem.swift in Sources */ = {isa = PBXBuildFile; fileRef = 66C6966A2B1F1CA0007E3A5A /* TodoItem.swift */; };
/* End PBXBuildFile section */

/* Begin PBXContainerItemProxy section */
		66C6964C2B1F15CB007E3A5A /* PBXContainerItemProxy */ = {
			isa = PBXContainerItemProxy;
			containerPortal = 66C6962D2B1F15CA007E3A5A /* Project object */;
			proxyType = 1;
			remoteGlobalIDString = 66C696342B1F15CA007E3A5A;
			remoteInfo = TodoApp;
		};
		66C696562B1F15CB007E3A5A /* PBXContainerItemProxy */ = {
			isa = PBXContainerItemProxy;
			containerPortal = 66C6962D2B1F15CA007E3A5A /* Project object */;
			proxyType = 1;
			remoteGlobalIDString = 66C696342B1F15CA007E3A5A;
			remoteInfo = TodoApp;
		};
/* End PBXContainerItemProxy section */

/* Begin PBXFileReference section */
		66C696352B1F15CA007E3A5A /* TodoApp.app */ = {isa = PBXFileReference; explicitFileType = wrapper.application; includeInIndex = 0; path = TodoApp.app; sourceTree = BUILT_PRODUCTS_DIR; };
		66C696382B1F15CA007E3A5A /* AppDelegate.swift */ = {isa = PBXFileReference; lastKnownFileType = sourcecode.swift; path = AppDelegate.swift; sourceTree = "<group>"; };
		66C6963A2B1F15CA007E3A5A /* SceneDelegate.swift */ = {isa = PBXFileReference; lastKnownFileType = sourcecode.swift; path = SceneDelegate.swift; sourceTree = "<group>"; };
		66C6963C2B1F15CA007E3A5A /* ViewController.swift */ = {isa = PBXFileReference; lastKnownFileType = sourcecode.swift; path = ViewController.swift; sourceTree = "<group>"; };
		66C6963F2B1F15CA007E3A5A /* Base */ = {isa = PBXFileReference; lastKnownFileType = file.storyboard; name = Base; path = Base.lproj/Main.storyboard; sourceTree = "<group>"; };
		66C696412B1F15CB007E3A5A /* Assets.xcassets */ = {isa = PBXFileReference; lastKnownFileType = folder.assetcatalog; path = Assets.xcassets; sourceTree = "<group>"; };
		66C696442B1F15CB007E3A5A /* Base */ = {isa = PBXFileReference; lastKnownFileType = file.storyboard; name = Base; path = Base.lproj/LaunchScreen.storyboard; sourceTree = "<group>"; };
		66C696462B1F15CB007E3A5A /* Info.plist */ = {isa = PBXFileReference; lastKnownFileType = text.plist.xml; path = Info.plist; sourceTree = "<group>"; };
		66C6964B2B1F15CB007E3A5A /* TodoAppTests.xctest */ = {isa = PBXFileReference; explicitFileType = wrapper.cfbundle; includeInIndex = 0; path = TodoAppTests.xctest; sourceTree = BUILT_PRODUCTS_DIR; };
		66C6964F2B1F15CB007E3A5A /* TodoAppTests.swift */ = {isa = PBXFileReference; lastKnownFileType = sourcecode.swift; path = TodoAppTests.swift; sourceTree = "<group>"; };
		66C696552B1F15CB007E3A5A /* TodoAppUITests.xctest */ = {isa = PBXFileReference; explicitFileType = wrapper.cfbundle; includeInIndex = 0; path = TodoAppUITests.xctest; sourceTree = BUILT_PRODUCTS_DIR; };
		66C696592B1F15CB007E3A5A /* TodoAppUITests.swift */ = {isa = PBXFileReference; lastKnownFileType = sourcecode.swift; path = TodoAppUITests.swift; sourceTree = "<group>"; };
		66C6965B2B1F15CB007E3A5A /* TodoAppUITestsLaunchTests.swift */ = {isa = PBXFileReference; lastKnownFileType = sourcecode.swift; path = TodoAppUITestsLaunchTests.swift; sourceTree = "<group>"; };
		66C696682B1F1BE1007E3A5A /* Todo.swift */ = {isa = PBXFileReference; lastKnownFileType = sourcecode.swift; path = Todo.swift; sourceTree = "<group>"; };
		66C6966A2B1F1CA0007E3A5A /* TodoItem.swift */ = {isa = PBXFileReference; lastKnownFileType = sourcecode.swift; path = TodoItem.swift; sourceTree = "<group>"; };
/* End PBXFileReference section */

/* Begin PBXFrameworksBuildPhase section */
		66C696322B1F15CA007E3A5A /* Frameworks */ = {
			isa = PBXFrameworksBuildPhase;
			buildActionMask = 2147483647;
			files = (
			);
			runOnlyForDeploymentPostprocessing = 0;
		};
		66C696482B1F15CB007E3A5A /* Frameworks */ = {
			isa = PBXFrameworksBuildPhase;
			buildActionMask = 2147483647;
			files = (
			);
			runOnlyForDeploymentPostprocessing = 0;
		};
		66C696522B1F15CB007E3A5A /* Frameworks */ = {
			isa = PBXFrameworksBuildPhase;
			buildActionMask = 2147483647;
			files = (
			);
			runOnlyForDeploymentPostprocessing = 0;
		};
/* End PBXFrameworksBuildPhase section */

/* Begin PBXGroup section */
		66C6962C2B1F15CA007E3A5A = {
			isa = PBXGroup;
			children = (
				66C696372B1F15CA007E3A5A /* TodoApp */,
				66C6964E2B1F15CB007E3A5A /* TodoAppTests */,
				66C696582B1F15CB007E3A5A /* TodoAppUITests */,
				66C696362B1F15CA007E3A5A /* Products */,
			);
			sourceTree = "<group>";
		};
		66C696362B1F15CA007E3A5A /* Products */ = {
			isa = PBXGroup;
			children = (
				66C696352B1F15CA007E3A5A /* TodoApp.app */,
				66C6964B2B1F15CB007E3A5A /* TodoAppTests.xctest */,
				66C696552B1F15CB007E3A5A /* TodoAppUITests.xctest */,
			);
			name = Products;
			sourceTree = "<group>";
		};
		66C696372B1F15CA007E3A5A /* TodoApp */ = {
			isa = PBXGroup;
			children = (
				66C696382B1F15CA007E3A5A /* AppDelegate.swift */,
				66C6963A2B1F15CA007E3A5A /* SceneDelegate.swift */,
				66C6963C2B1F15CA007E3A5A /* ViewController.swift */,
				66C6963E2B1F15CA007E3A5A /* Main.storyboard */,
				66C696412B1F15CB007E3A5A /* Assets.xcassets */,
				66C696432B1F15CB007E3A5A /* LaunchScreen.storyboard */,
				66C696462B1F15CB007E3A5A /* Info.plist */,
				66C696682B1F1BE1007E3A5A /* Todo.swift */,
				66C6966A2B1F1CA0007E3A5A /* TodoItem.swift */,
			);
			path = TodoApp;
			sourceTree = "<group>";
		};
		66C6964E2B1F15CB007E3A5A /* TodoAppTests */ = {
			isa = PBXGroup;
			children = (
				66C6964F2B1F15CB007E3A5A /* TodoAppTests.swift */,
			);
			path = TodoAppTests;
			sourceTree = "<group>";
		};
		66C696582B1F15CB007E3A5A /* TodoAppUITests */ = {
			isa = PBXGroup;
			children = (
				66C696592B1F15CB007E3A5A /* TodoAppUITests.swift */,
				66C6965B2B1F15CB007E3A5A /* TodoAppUITestsLaunchTests.swift */,
			);
			path = TodoAppUITests;
			sourceTree = "<group>";
		};
/* End PBXGroup section */

/* Begin PBXNativeTarget section */
		66C696342B1F15CA007E3A5A /* TodoApp */ = {
			isa = PBXNativeTarget;
			buildConfigurationList = 66C6965F2B1F15CB007E3A5A /* Build configuration list for PBXNativeTarget "TodoApp" */;
			buildPhases = (
				66C696312B1F15CA007E3A5A /* Sources */,
				66C696322B1F15CA007E3A5A /* Frameworks */,
				66C696332B1F15CA007E3A5A /* Resources */,
			);
			buildRules = (
			);
			dependencies = (
			);
			name = TodoApp;
			productName = TodoApp;
			productReference = 66C696352B1F15CA007E3A5A /* TodoApp.app */;
			productType = "com.apple.product-type.application";
		};
		66C6964A2B1F15CB007E3A5A /* TodoAppTests */ = {
			isa = PBXNativeTarget;
			buildConfigurationList = 66C696622B1F15CB007E3A5A /* Build configuration list for PBXNativeTarget "TodoAppTests" */;
			buildPhases = (
				66C696472B1F15CB007E3A5A /* Sources */,
				66C696482B1F15CB007E3A5A /* Frameworks */,
				66C696492B1F15CB007E3A5A /* Resources */,
			);
			buildRules = (
			);
			dependencies = (
				66C6964D2B1F15CB007E3A5A /* PBXTargetDependency */,
			);
			name = TodoAppTests;
			productName = TodoAppTests;
			productReference = 66C6964B2B1F15CB007E3A5A /* TodoAppTests.xctest */;
			productType = "com.apple.product-type.bundle.unit-test";
		};
		66C696542B1F15CB007E3A5A /* TodoAppUITests */ = {
			isa = PBXNativeTarget;
			buildConfigurationList = 66C696652B1F15CB007E3A5A /* Build configuration list for PBXNativeTarget "TodoAppUITests" */;
			buildPhases = (
				66C696512B1F15CB007E3A5A /* Sources */,
				66C696522B1F15CB007E3A5A /* Frameworks */,
				66C696532B1F15CB007E3A5A /* Resources */,
			);
			buildRules = (
			);
			dependencies = (
				66C696572B1F15CB007E3A5A /* PBXTargetDependency */,
			);
			name = TodoAppUITests;
			productName = TodoAppUITests;
			productReference = 66C696552B1F15CB007E3A5A /* TodoAppUITests.xctest */;
			productType = "com.apple.product-type.bundle.ui-testing";
		};
/* End PBXNativeTarget section */

/* Begin PBXProject section */
		66C6962D2B1F15CA007E3A5A /* Project object */ = {
			isa = PBXProject;
			attributes = {
				BuildIndependentTargetsInParallel = 1;
				LastSwiftUpdateCheck = 1500;
				LastUpgradeCheck = 1500;
				TargetAttributes = {
					66C696342B1F15CA007E3A5A = {
						CreatedOnToolsVersion = 15.0.1;
					};
					66C6964A2B1F15CB007E3A5A = {
						CreatedOnToolsVersion = 15.0.1;
						TestTargetID = 66C696342B1F15CA007E3A5A;
					};
					66C696542B1F15CB007E3A5A = {
						CreatedOnToolsVersion = 15.0.1;
						TestTargetID = 66C696342B1F15CA007E3A5A;
					};
				};
			};
			buildConfigurationList = 66C696302B1F15CA007E3A5A /* Build configuration list for PBXProject "TodoApp" */;
			compatibilityVersion = "Xcode 14.0";
			developmentRegion = en;
			hasScannedForEncodings = 0;
			knownRegions = (
				en,
				Base,
			);
			mainGroup = 66C6962C2B1F15CA007E3A5A;
			productRefGroup = 66C696362B1F15CA007E3A5A /* Products */;
			projectDirPath = "";
			projectRoot = "";
			targets = (
				66C696342B1F15CA007E3A5A /* TodoApp */,
				66C6964A2B1F15CB007E3A5A /* TodoAppTests */,
				66C696542B1F15CB007E3A5A /* TodoAppUITests */,
			);
		};
/* End PBXProject section */

/* Begin PBXResourcesBuildPhase section */
		66C696332B1F15CA007E3A5A /* Resources */ = {
			isa = PBXResourcesBuildPhase;
			buildActionMask = 2147483647;
			files = (
				66C696452B1F15CB007E3A5A /* LaunchScreen.storyboard in Resources */,
				66C696422B1F15CB007E3A5A /* Assets.xcassets in Resources */,
				66C696402B1F15CA007E3A5A /* Main.storyboard in Resources */,
			);
			runOnlyForDeploymentPostprocessing = 0;
		};
		66C696492B1F15CB007E3A5A /* Resources */ = {
			isa = PBXResourcesBuildPhase;
			buildActionMask = 2147483647;
			files = (
			);
			runOnlyForDeploymentPostprocessing = 0;
		};
		66C696532B1F15CB007E3A5A /* Resources */ = {
			isa = PBXResourcesBuildPhase;
			buildActionMask = 2147483647;
			files = (
			);
			runOnlyForDeploymentPostprocessing = 0;
		};
/* End PBXResourcesBuildPhase section */

/* Begin PBXSourcesBuildPhase section */
		66C696312B1F15CA007E3A5A /* Sources */ = {
			isa = PBXSourcesBuildPhase;
			buildActionMask = 2147483647;
			files = (
				66C6966B2B1F1CA0007E3A5A /* TodoItem.swift in Sources */,
				66C6963D2B1F15CA007E3A5A /* ViewController.swift in Sources */,
				66C696392B1F15CA007E3A5A /* AppDelegate.swift in Sources */,
				66C6963B2B1F15CA007E3A5A /* SceneDelegate.swift in Sources */,
				66C696692B1F1BE1007E3A5A /* Todo.swift in Sources */,
			);
			runOnlyForDeploymentPostprocessing = 0;
		};
		66C696472B1F15CB007E3A5A /* Sources */ = {
			isa = PBXSourcesBuildPhase;
			buildActionMask = 2147483647;
			files = (
				66C696502B1F15CB007E3A5A /* TodoAppTests.swift in Sources */,
			);
			runOnlyForDeploymentPostprocessing = 0;
		};
		66C696512B1F15CB007E3A5A /* Sources */ = {
			isa = PBXSourcesBuildPhase;
			buildActionMask = 2147483647;
			files = (
				66C6965C2B1F15CB007E3A5A /* TodoAppUITestsLaunchTests.swift in Sources */,
				66C6965A2B1F15CB007E3A5A /* TodoAppUITests.swift in Sources */,
			);
			runOnlyForDeploymentPostprocessing = 0;
		};
/* End PBXSourcesBuildPhase section */

/* Begin PBXTargetDependency section */
		66C6964D2B1F15CB007E3A5A /* PBXTargetDependency */ = {
			isa = PBXTargetDependency;
			target = 66C696342B1F15CA007E3A5A /* TodoApp */;
			targetProxy = 66C6964C2B1F15CB007E3A5A /* PBXContainerItemProxy */;
		};
		66C696572B1F15CB007E3A5A /* PBXTargetDependency */ = {
			isa = PBXTargetDependency;
			target = 66C696342B1F15CA007E3A5A /* TodoApp */;
			targetProxy = 66C696562B1F15CB007E3A5A /* PBXContainerItemProxy */;
		};
/* End PBXTargetDependency section */

/* Begin PBXVariantGroup section */
		66C6963E2B1F15CA007E3A5A /* Main.storyboard */ = {
			isa = PBXVariantGroup;
			children = (
				66C6963F2B1F15CA007E3A5A /* Base */,
			);
			name = Main.storyboard;
			sourceTree = "<group>";
		};
		66C696432B1F15CB007E3A5A /* LaunchScreen.storyboard */ = {
			isa = PBXVariantGroup;
			children = (
				66C696442B1F15CB007E3A5A /* Base */,
			);
			name = LaunchScreen.storyboard;
			sourceTree = "<group>";
		};
/* End PBXVariantGroup section */

/* Begin XCBuildConfiguration section */
		66C6965D2B1F15CB007E3A5A /* Debug */ = {
			isa = XCBuildConfiguration;
			buildSettings = {
				ALWAYS_SEARCH_USER_PATHS = NO;
				ASSETCATALOG_COMPILER_GENERATE_SWIFT_ASSET_SYMBOL_EXTENSIONS = YES;
				CLANG_ANALYZER_NONNULL = YES;
				CLANG_ANALYZER_NUMBER_OBJECT_CONVERSION = YES_AGGRESSIVE;
				CLANG_CXX_LANGUAGE_STANDARD = "gnu++20";
				CLANG_ENABLE_MODULES = YES;
				CLANG_ENABLE_OBJC_ARC = YES;
				CLANG_ENABLE_OBJC_WEAK = YES;
				CLANG_WARN_BLOCK_CAPTURE_AUTORELEASING = YES;
				CLANG_WARN_BOOL_CONVERSION = YES;
				CLANG_WARN_COMMA = YES;
				CLANG_WARN_CONSTANT_CONVERSION = YES;
				CLANG_WARN_DEPRECATED_OBJC_IMPLEMENTATIONS = YES;
				CLANG_WARN_DIRECT_OBJC_ISA_USAGE = YES_ERROR;
				CLANG_WARN_DOCUMENTATION_COMMENTS = YES;
				CLANG_WARN_EMPTY_BODY = YES;
				CLANG_WARN_ENUM_CONVERSION = YES;
				CLANG_WARN_INFINITE_RECURSION = YES;
				CLANG_WARN_INT_CONVERSION = YES;
				CLANG_WARN_NON_LITERAL_NULL_CONVERSION = YES;
				CLANG_WARN_OBJC_IMPLICIT_RETAIN_SELF = YES;
				CLANG_WARN_OBJC_LITERAL_CONVERSION = YES;
				CLANG_WARN_OBJC_ROOT_CLASS = YES_ERROR;
				CLANG_WARN_QUOTED_INCLUDE_IN_FRAMEWORK_HEADER = YES;
				CLANG_WARN_RANGE_LOOP_ANALYSIS = YES;
				CLANG_WARN_STRICT_PROTOTYPES = YES;
				CLANG_WARN_SUSPICIOUS_MOVE = YES;
				CLANG_WARN_UNGUARDED_AVAILABILITY = YES_AGGRESSIVE;
				CLANG_WARN_UNREACHABLE_CODE = YES;
				CLANG_WARN__DUPLICATE_METHOD_MATCH = YES;
				COPY_PHASE_STRIP = NO;
				DEBUG_INFORMATION_FORMAT = dwarf;
				ENABLE_STRICT_OBJC_MSGSEND = YES;
				ENABLE_TESTABILITY = YES;
				ENABLE_USER_SCRIPT_SANDBOXING = YES;
				GCC_C_LANGUAGE_STANDARD = gnu17;
				GCC_DYNAMIC_NO_PIC = NO;
				GCC_NO_COMMON_BLOCKS = YES;
				GCC_OPTIMIZATION_LEVEL = 0;
				GCC_PREPROCESSOR_DEFINITIONS = (
					"DEBUG=1",
					"$(inherited)",
				);
				GCC_WARN_64_TO_32_BIT_CONVERSION = YES;
				GCC_WARN_ABOUT_RETURN_TYPE = YES_ERROR;
				GCC_WARN_UNDECLARED_SELECTOR = YES;
				GCC_WARN_UNINITIALIZED_AUTOS = YES_AGGRESSIVE;
				GCC_WARN_UNUSED_FUNCTION = YES;
				GCC_WARN_UNUSED_VARIABLE = YES;
				IPHONEOS_DEPLOYMENT_TARGET = 17.0;
				LOCALIZATION_PREFERS_STRING_CATALOGS = YES;
				MTL_ENABLE_DEBUG_INFO = INCLUDE_SOURCE;
				MTL_FAST_MATH = YES;
				ONLY_ACTIVE_ARCH = YES;
				SDKROOT = iphoneos;
				SWIFT_ACTIVE_COMPILATION_CONDITIONS = "DEBUG $(inherited)";
				SWIFT_OPTIMIZATION_LEVEL = "-Onone";
			};
			name = Debug;
		};
		66C6965E2B1F15CB007E3A5A /* Release */ = {
			isa = XCBuildConfiguration;
			buildSettings = {
				ALWAYS_SEARCH_USER_PATHS = NO;
				ASSETCATALOG_COMPILER_GENERATE_SWIFT_ASSET_SYMBOL_EXTENSIONS = YES;
				CLANG_ANALYZER_NONNULL = YES;
				CLANG_ANALYZER_NUMBER_OBJECT_CONVERSION = YES_AGGRESSIVE;
				CLANG_CXX_LANGUAGE_STANDARD = "gnu++20";
				CLANG_ENABLE_MODULES = YES;
				CLANG_ENABLE_OBJC_ARC = YES;
				CLANG_ENABLE_OBJC_WEAK = YES;
				CLANG_WARN_BLOCK_CAPTURE_AUTORELEASING = YES;
				CLANG_WARN_BOOL_CONVERSION = YES;
				CLANG_WARN_COMMA = YES;
				CLANG_WARN_CONSTANT_CONVERSION = YES;
				CLANG_WARN_DEPRECATED_OBJC_IMPLEMENTATIONS = YES;
				CLANG_WARN_DIRECT_OBJC_ISA_USAGE = YES_ERROR;
				CLANG_WARN_DOCUMENTATION_COMMENTS = YES;
				CLANG_WARN_EMPTY_BODY = YES;
				CLANG_WARN_ENUM_CONVERSION = YES;
				CLANG_WARN_INFINITE_RECURSION = YES;
				CLANG_WARN_INT_CONVERSION = YES;
				CLANG_WARN_NON_LITERAL_NULL_CONVERSION = YES;
				CLANG_WARN_OBJC_IMPLICIT_RETAIN_SELF = YES;
				CLANG_WARN_OBJC_LITERAL_CONVERSION = YES;
				CLANG_WARN_OBJC_ROOT_CLASS = YES_ERROR;
				CLANG_WARN_QUOTED_INCLUDE_IN_FRAMEWORK_HEADER = YES;
				CLANG_WARN_RANGE_LOOP_ANALYSIS = YES;
				CLANG_WARN_STRICT_PROTOTYPES = YES;
				CLANG_WARN_SUSPICIOUS_MOVE = YES;
				CLANG_WARN_UNGUARDED_AVAILABILITY = YES_AGGRESSIVE;
				CLANG_WARN_UNREACHABLE_CODE = YES;
				CLANG_WARN__DUPLICATE_METHOD_MATCH = YES;
				COPY_PHASE_STRIP = NO;
				DEBUG_INFORMATION_FORMAT = "dwarf-with-dsym";
				ENABLE_NS_ASSERTIONS = NO;
				ENABLE_STRICT_OBJC_MSGSEND = YES;
				ENABLE_USER_SCRIPT_SANDBOXING = YES;
				GCC_C_LANGUAGE_STANDARD = gnu17;
				GCC_NO_COMMON_BLOCKS = YES;
				GCC_WARN_64_TO_32_BIT_CONVERSION = YES;
				GCC_WARN_ABOUT_RETURN_TYPE = YES_ERROR;
				GCC_WARN_UNDECLARED_SELECTOR = YES;
				GCC_WARN_UNINITIALIZED_AUTOS = YES_AGGRESSIVE;
				GCC_WARN_UNUSED_FUNCTION = YES;
				GCC_WARN_UNUSED_VARIABLE = YES;
				IPHONEOS_DEPLOYMENT_TARGET = 17.0;
				LOCALIZATION_PREFERS_STRING_CATALOGS = YES;
				MTL_ENABLE_DEBUG_INFO = NO;
				MTL_FAST_MATH = YES;
				SDKROOT = iphoneos;
				SWIFT_COMPILATION_MODE = wholemodule;
				VALIDATE_PRODUCT = YES;
			};
			name = Release;
		};
		66C696602B1F15CB007E3A5A /* Debug */ = {
			isa = XCBuildConfiguration;
			buildSettings = {
				ASSETCATALOG_COMPILER_APPICON_NAME = AppIcon;
				ASSETCATALOG_COMPILER_GLOBAL_ACCENT_COLOR_NAME = AccentColor;
				CODE_SIGN_STYLE = Automatic;
				CURRENT_PROJECT_VERSION = 1;
				GENERATE_INFOPLIST_FILE = YES;
				INFOPLIST_FILE = TodoApp/Info.plist;
				INFOPLIST_KEY_UIApplicationSupportsIndirectInputEvents = YES;
				INFOPLIST_KEY_UILaunchStoryboardName = LaunchScreen;
				INFOPLIST_KEY_UIMainStoryboardFile = Main;
				INFOPLIST_KEY_UISupportedInterfaceOrientations_iPad = "UIInterfaceOrientationPortrait UIInterfaceOrientationPortraitUpsideDown UIInterfaceOrientationLandscapeLeft UIInterfaceOrientationLandscapeRight";
				INFOPLIST_KEY_UISupportedInterfaceOrientations_iPhone = "UIInterfaceOrientationPortrait UIInterfaceOrientationLandscapeLeft UIInterfaceOrientationLandscapeRight";
				LD_RUNPATH_SEARCH_PATHS = (
					"$(inherited)",
					"@executable_path/Frameworks",
				);
				MARKETING_VERSION = 1.0;
				PRODUCT_BUNDLE_IDENTIFIER = com.atb.TodoApp;
				PRODUCT_NAME = "$(TARGET_NAME)";
				SUPPORTED_PLATFORMS = "iphoneos iphonesimulator";
				SUPPORTS_MACCATALYST = NO;
				SUPPORTS_MAC_DESIGNED_FOR_IPHONE_IPAD = NO;
				SWIFT_EMIT_LOC_STRINGS = YES;
				SWIFT_VERSION = 5.0;
				TARGETED_DEVICE_FAMILY = 1;
			};
			name = Debug;
		};
		66C696612B1F15CB007E3A5A /* Release */ = {
			isa = XCBuildConfiguration;
			buildSettings = {
				ASSETCATALOG_COMPILER_APPICON_NAME = AppIcon;
				ASSETCATALOG_COMPILER_GLOBAL_ACCENT_COLOR_NAME = AccentColor;
				CODE_SIGN_STYLE = Automatic;
				CURRENT_PROJECT_VERSION = 1;
				GENERATE_INFOPLIST_FILE = YES;
				INFOPLIST_FILE = TodoApp/Info.plist;
				INFOPLIST_KEY_UIApplicationSupportsIndirectInputEvents = YES;
				INFOPLIST_KEY_UILaunchStoryboardName = LaunchScreen;
				INFOPLIST_KEY_UIMainStoryboardFile = Main;
				INFOPLIST_KEY_UISupportedInterfaceOrientations_iPad = "UIInterfaceOrientationPortrait UIInterfaceOrientationPortraitUpsideDown UIInterfaceOrientationLandscapeLeft UIInterfaceOrientationLandscapeRight";
				INFOPLIST_KEY_UISupportedInterfaceOrientations_iPhone = "UIInterfaceOrientationPortrait UIInterfaceOrientationLandscapeLeft UIInterfaceOrientationLandscapeRight";
				LD_RUNPATH_SEARCH_PATHS = (
					"$(inherited)",
					"@executable_path/Frameworks",
				);
				MARKETING_VERSION = 1.0;
				PRODUCT_BUNDLE_IDENTIFIER = com.atb.TodoApp;
				PRODUCT_NAME = "$(TARGET_NAME)";
				SUPPORTED_PLATFORMS = "iphoneos iphonesimulator";
				SUPPORTS_MACCATALYST = NO;
				SUPPORTS_MAC_DESIGNED_FOR_IPHONE_IPAD = NO;
				SWIFT_EMIT_LOC_STRINGS = YES;
				SWIFT_VERSION = 5.0;
				TARGETED_DEVICE_FAMILY = 1;
			};
			name = Release;
		};
		66C696632B1F15CB007E3A5A /* Debug */ = {
			isa = XCBuildConfiguration;
			buildSettings = {
				ALWAYS_EMBED_SWIFT_STANDARD_LIBRARIES = YES;
				BUNDLE_LOADER = "$(TEST_HOST)";
				CODE_SIGN_STYLE = Automatic;
				CURRENT_PROJECT_VERSION = 1;
				GENERATE_INFOPLIST_FILE = YES;
				IPHONEOS_DEPLOYMENT_TARGET = 17.0;
				MARKETING_VERSION = 1.0;
				PRODUCT_BUNDLE_IDENTIFIER = com.atb.TodoAppTests;
				PRODUCT_NAME = "$(TARGET_NAME)";
				SWIFT_EMIT_LOC_STRINGS = NO;
				SWIFT_VERSION = 5.0;
				TARGETED_DEVICE_FAMILY = "1,2";
				TEST_HOST = "$(BUILT_PRODUCTS_DIR)/TodoApp.app/$(BUNDLE_EXECUTABLE_FOLDER_PATH)/TodoApp";
			};
			name = Debug;
		};
		66C696642B1F15CB007E3A5A /* Release */ = {
			isa = XCBuildConfiguration;
			buildSettings = {
				ALWAYS_EMBED_SWIFT_STANDARD_LIBRARIES = YES;
				BUNDLE_LOADER = "$(TEST_HOST)";
				CODE_SIGN_STYLE = Automatic;
				CURRENT_PROJECT_VERSION = 1;
				GENERATE_INFOPLIST_FILE = YES;
				IPHONEOS_DEPLOYMENT_TARGET = 17.0;
				MARKETING_VERSION = 1.0;
				PRODUCT_BUNDLE_IDENTIFIER = com.atb.TodoAppTests;
				PRODUCT_NAME = "$(TARGET_NAME)";
				SWIFT_EMIT_LOC_STRINGS = NO;
				SWIFT_VERSION = 5.0;
				TARGETED_DEVICE_FAMILY = "1,2";
				TEST_HOST = "$(BUILT_PRODUCTS_DIR)/TodoApp.app/$(BUNDLE_EXECUTABLE_FOLDER_PATH)/TodoApp";
			};
			name = Release;
		};
		66C696662B1F15CB007E3A5A /* Debug */ = {
			isa = XCBuildConfiguration;
			buildSettings = {
				ALWAYS_EMBED_SWIFT_STANDARD_LIBRARIES = YES;
				CODE_SIGN_STYLE = Automatic;
				CURRENT_PROJECT_VERSION = 1;
				GENERATE_INFOPLIST_FILE = YES;
				MARKETING_VERSION = 1.0;
				PRODUCT_BUNDLE_IDENTIFIER = com.atb.TodoAppUITests;
				PRODUCT_NAME = "$(TARGET_NAME)";
				SWIFT_EMIT_LOC_STRINGS = NO;
				SWIFT_VERSION = 5.0;
				TARGETED_DEVICE_FAMILY = "1,2";
				TEST_TARGET_NAME = TodoApp;
			};
			name = Debug;
		};
		66C696672B1F15CB007E3A5A /* Release */ = {
			isa = XCBuildConfiguration;
			buildSettings = {
				ALWAYS_EMBED_SWIFT_STANDARD_LIBRARIES = YES;
				CODE_SIGN_STYLE = Automatic;
				CURRENT_PROJECT_VERSION = 1;
				GENERATE_INFOPLIST_FILE = YES;
				MARKETING_VERSION = 1.0;
				PRODUCT_BUNDLE_IDENTIFIER = com.atb.TodoAppUITests;
				PRODUCT_NAME = "$(TARGET_NAME)";
				SWIFT_EMIT_LOC_STRINGS = NO;
				SWIFT_VERSION = 5.0;
				TARGETED_DEVICE_FAMILY = "1,2";
				TEST_TARGET_NAME = TodoApp;
			};
			name = Release;
		};
/* End XCBuildConfiguration section */

/* Begin XCConfigurationList section */
		66C696302B1F15CA007E3A5A /* Build configuration list for PBXProject "TodoApp" */ = {
			isa = XCConfigurationList;
			buildConfigurations = (
				66C6965D2B1F15CB007E3A5A /* Debug */,
				66C6965E2B1F15CB007E3A5A /* Release */,
			);
			defaultConfigurationIsVisible = 0;
			defaultConfigurationName = Release;
		};
		66C6965F2B1F15CB007E3A5A /* Build configuration list for PBXNativeTarget "TodoApp" */ = {
			isa = XCConfigurationList;
			buildConfigurations = (
				66C696602B1F15CB007E3A5A /* Debug */,
				66C696612B1F15CB007E3A5A /* Release */,
			);
			defaultConfigurationIsVisible = 0;
			defaultConfigurationName = Release;
		};
		66C696622B1F15CB007E3A5A /* Build configuration list for PBXNativeTarget "TodoAppTests" */ = {
			isa = XCConfigurationList;
			buildConfigurations = (
				66C696632B1F15CB007E3A5A /* Debug */,
				66C696642B1F15CB007E3A5A /* Release */,
			);
			defaultConfigurationIsVisible = 0;
			defaultConfigurationName = Release;
		};
		66C696652B1F15CB007E3A5A /* Build configuration list for PBXNativeTarget "TodoAppUITests" */ = {
			isa = XCConfigurationList;
			buildConfigurations = (
				66C696662B1F15CB007E3A5A /* Debug */,
				66C696672B1F15CB007E3A5A /* Release */,
			);
			defaultConfigurationIsVisible = 0;
			defaultConfigurationName = Release;
		};
/* End XCConfigurationList section */
	};
	rootObject = 66C6962D2B1F15CA007E3A5A /* Project object */;
}
